// !$*UTF8*$!
{
	archiveVersion = 1;
	classes = {
	};
	objectVersion = 55;
	objects = {

/* Begin PBXBuildFile section */
		B82F7F5028C534B00031DF38 /* AppDelegate.swift in Sources */ = {isa = PBXBuildFile; fileRef = B82F7F4F28C534B00031DF38 /* AppDelegate.swift */; };
		B82F7F5228C534B00031DF38 /* SceneDelegate.swift in Sources */ = {isa = PBXBuildFile; fileRef = B82F7F5128C534B00031DF38 /* SceneDelegate.swift */; };
		B82F7F5428C534B00031DF38 /* MasterViewController.swift in Sources */ = {isa = PBXBuildFile; fileRef = B82F7F5328C534B00031DF38 /* MasterViewController.swift */; };
		B82F7F5728C534B00031DF38 /* Main.storyboard in Resources */ = {isa = PBXBuildFile; fileRef = B82F7F5528C534B00031DF38 /* Main.storyboard */; };
		B82F7F5928C534B10031DF38 /* Assets.xcassets in Resources */ = {isa = PBXBuildFile; fileRef = B82F7F5828C534B10031DF38 /* Assets.xcassets */; };
		B82F7F5C28C534B10031DF38 /* LaunchScreen.storyboard in Resources */ = {isa = PBXBuildFile; fileRef = B82F7F5A28C534B10031DF38 /* LaunchScreen.storyboard */; };
		B82F7F6728C534B10031DF38 /* BookstoreTests.swift in Sources */ = {isa = PBXBuildFile; fileRef = B82F7F6628C534B10031DF38 /* BookstoreTests.swift */; };
		B82F7F7128C534B10031DF38 /* BookstoreUITests.swift in Sources */ = {isa = PBXBuildFile; fileRef = B82F7F7028C534B10031DF38 /* BookstoreUITests.swift */; };
		B82F7F7328C534B10031DF38 /* BookstoreUITestsLaunchTests.swift in Sources */ = {isa = PBXBuildFile; fileRef = B82F7F7228C534B10031DF38 /* BookstoreUITestsLaunchTests.swift */; };
		B82F7F8428C5350C0031DF38 /* Book.swift in Sources */ = {isa = PBXBuildFile; fileRef = B82F7F8328C5350C0031DF38 /* Book.swift */; };
		B82F7F8728C535B00031DF38 /* DetailViewController.swift in Sources */ = {isa = PBXBuildFile; fileRef = B82F7F8628C535B00031DF38 /* DetailViewController.swift */; };
		B82F7F8A28C5391D0031DF38 /* BookStore.swift in Sources */ = {isa = PBXBuildFile; fileRef = B82F7F8928C5391D0031DF38 /* BookStore.swift */; };
/* End PBXBuildFile section */

/* Begin PBXContainerItemProxy section */
		B82F7F6328C534B10031DF38 /* PBXContainerItemProxy */ = {
			isa = PBXContainerItemProxy;
			containerPortal = B82F7F4428C534B00031DF38 /* Project object */;
			proxyType = 1;
			remoteGlobalIDString = B82F7F4B28C534B00031DF38;
			remoteInfo = Bookstore;
		};
		B82F7F6D28C534B10031DF38 /* PBXContainerItemProxy */ = {
			isa = PBXContainerItemProxy;
			containerPortal = B82F7F4428C534B00031DF38 /* Project object */;
			proxyType = 1;
			remoteGlobalIDString = B82F7F4B28C534B00031DF38;
			remoteInfo = Bookstore;
		};
/* End PBXContainerItemProxy section */

/* Begin PBXFileReference section */
		B82F7F4C28C534B00031DF38 /* Bookstore.app */ = {isa = PBXFileReference; explicitFileType = wrapper.application; includeInIndex = 0; path = Bookstore.app; sourceTree = BUILT_PRODUCTS_DIR; };
		B82F7F4F28C534B00031DF38 /* AppDelegate.swift */ = {isa = PBXFileReference; lastKnownFileType = sourcecode.swift; path = AppDelegate.swift; sourceTree = "<group>"; };
		B82F7F5128C534B00031DF38 /* SceneDelegate.swift */ = {isa = PBXFileReference; lastKnownFileType = sourcecode.swift; path = SceneDelegate.swift; sourceTree = "<group>"; };
		B82F7F5328C534B00031DF38 /* MasterViewController.swift */ = {isa = PBXFileReference; lastKnownFileType = sourcecode.swift; path = MasterViewController.swift; sourceTree = "<group>"; };
		B82F7F5628C534B00031DF38 /* Base */ = {isa = PBXFileReference; lastKnownFileType = file.storyboard; name = Base; path = Base.lproj/Main.storyboard; sourceTree = "<group>"; };
		B82F7F5828C534B10031DF38 /* Assets.xcassets */ = {isa = PBXFileReference; lastKnownFileType = folder.assetcatalog; path = Assets.xcassets; sourceTree = "<group>"; };
		B82F7F5B28C534B10031DF38 /* Base */ = {isa = PBXFileReference; lastKnownFileType = file.storyboard; name = Base; path = Base.lproj/LaunchScreen.storyboard; sourceTree = "<group>"; };
		B82F7F5D28C534B10031DF38 /* Info.plist */ = {isa = PBXFileReference; lastKnownFileType = text.plist.xml; path = Info.plist; sourceTree = "<group>"; };
		B82F7F6228C534B10031DF38 /* BookstoreTests.xctest */ = {isa = PBXFileReference; explicitFileType = wrapper.cfbundle; includeInIndex = 0; path = BookstoreTests.xctest; sourceTree = BUILT_PRODUCTS_DIR; };
		B82F7F6628C534B10031DF38 /* BookstoreTests.swift */ = {isa = PBXFileReference; lastKnownFileType = sourcecode.swift; path = BookstoreTests.swift; sourceTree = "<group>"; };
		B82F7F6C28C534B10031DF38 /* BookstoreUITests.xctest */ = {isa = PBXFileReference; explicitFileType = wrapper.cfbundle; includeInIndex = 0; path = BookstoreUITests.xctest; sourceTree = BUILT_PRODUCTS_DIR; };
		B82F7F7028C534B10031DF38 /* BookstoreUITests.swift */ = {isa = PBXFileReference; lastKnownFileType = sourcecode.swift; path = BookstoreUITests.swift; sourceTree = "<group>"; };
		B82F7F7228C534B10031DF38 /* BookstoreUITestsLaunchTests.swift */ = {isa = PBXFileReference; lastKnownFileType = sourcecode.swift; path = BookstoreUITestsLaunchTests.swift; sourceTree = "<group>"; };
		B82F7F8328C5350C0031DF38 /* Book.swift */ = {isa = PBXFileReference; lastKnownFileType = sourcecode.swift; path = Book.swift; sourceTree = "<group>"; };
		B82F7F8628C535B00031DF38 /* DetailViewController.swift */ = {isa = PBXFileReference; lastKnownFileType = sourcecode.swift; path = DetailViewController.swift; sourceTree = "<group>"; };
		B82F7F8928C5391D0031DF38 /* BookStore.swift */ = {isa = PBXFileReference; lastKnownFileType = sourcecode.swift; path = BookStore.swift; sourceTree = "<group>"; };
/* End PBXFileReference section */

/* Begin PBXFrameworksBuildPhase section */
		B82F7F4928C534B00031DF38 /* Frameworks */ = {
			isa = PBXFrameworksBuildPhase;
			buildActionMask = 2147483647;
			files = (
			);
			runOnlyForDeploymentPostprocessing = 0;
		};
		B82F7F5F28C534B10031DF38 /* Frameworks */ = {
			isa = PBXFrameworksBuildPhase;
			buildActionMask = 2147483647;
			files = (
			);
			runOnlyForDeploymentPostprocessing = 0;
		};
		B82F7F6928C534B10031DF38 /* Frameworks */ = {
			isa = PBXFrameworksBuildPhase;
			buildActionMask = 2147483647;
			files = (
			);
			runOnlyForDeploymentPostprocessing = 0;
		};
/* End PBXFrameworksBuildPhase section */

/* Begin PBXGroup section */
		B82F7F4328C534B00031DF38 = {
			isa = PBXGroup;
			children = (
				B82F7F4E28C534B00031DF38 /* Bookstore */,
				B82F7F6528C534B10031DF38 /* BookstoreTests */,
				B82F7F6F28C534B10031DF38 /* BookstoreUITests */,
				B82F7F4D28C534B00031DF38 /* Products */,
			);
			sourceTree = "<group>";
		};
		B82F7F4D28C534B00031DF38 /* Products */ = {
			isa = PBXGroup;
			children = (
				B82F7F4C28C534B00031DF38 /* Bookstore.app */,
				B82F7F6228C534B10031DF38 /* BookstoreTests.xctest */,
				B82F7F6C28C534B10031DF38 /* BookstoreUITests.xctest */,
			);
			name = Products;
			sourceTree = "<group>";
		};
		B82F7F4E28C534B00031DF38 /* Bookstore */ = {
			isa = PBXGroup;
			children = (
				B82F7F8528C535600031DF38 /* View */,
				B82F7F8128C534E70031DF38 /* Controller */,
				B82F7F8028C534DA0031DF38 /* Model */,
				B82F7F4F28C534B00031DF38 /* AppDelegate.swift */,
				B82F7F5128C534B00031DF38 /* SceneDelegate.swift */,
				B82F7F5828C534B10031DF38 /* Assets.xcassets */,
				B82F7F5D28C534B10031DF38 /* Info.plist */,
			);
			path = Bookstore;
			sourceTree = "<group>";
		};
		B82F7F6528C534B10031DF38 /* BookstoreTests */ = {
			isa = PBXGroup;
			children = (
				B82F7F6628C534B10031DF38 /* BookstoreTests.swift */,
			);
			path = BookstoreTests;
			sourceTree = "<group>";
		};
		B82F7F6F28C534B10031DF38 /* BookstoreUITests */ = {
			isa = PBXGroup;
			children = (
				B82F7F7028C534B10031DF38 /* BookstoreUITests.swift */,
				B82F7F7228C534B10031DF38 /* BookstoreUITestsLaunchTests.swift */,
			);
			path = BookstoreUITests;
			sourceTree = "<group>";
		};
		B82F7F8028C534DA0031DF38 /* Model */ = {
			isa = PBXGroup;
			children = (
				B82F7F8828C5390C0031DF38 /* Data */,
				B82F7F8228C534F40031DF38 /* ValueObject */,
			);
			path = Model;
			sourceTree = "<group>";
		};
		B82F7F8128C534E70031DF38 /* Controller */ = {
			isa = PBXGroup;
			children = (
				B82F7F5328C534B00031DF38 /* MasterViewController.swift */,
				B82F7F8628C535B00031DF38 /* DetailViewController.swift */,
			);
			path = Controller;
			sourceTree = "<group>";
		};
		B82F7F8228C534F40031DF38 /* ValueObject */ = {
			isa = PBXGroup;
			children = (
				B82F7F8328C5350C0031DF38 /* Book.swift */,
			);
			path = ValueObject;
			sourceTree = "<group>";
		};
		B82F7F8528C535600031DF38 /* View */ = {
			isa = PBXGroup;
			children = (
				B82F7F5A28C534B10031DF38 /* LaunchScreen.storyboard */,
				B82F7F5528C534B00031DF38 /* Main.storyboard */,
			);
			path = View;
			sourceTree = "<group>";
		};
		B82F7F8828C5390C0031DF38 /* Data */ = {
			isa = PBXGroup;
			children = (
				B82F7F8928C5391D0031DF38 /* BookStore.swift */,
			);
			path = Data;
			sourceTree = "<group>";
		};
/* End PBXGroup section */

/* Begin PBXNativeTarget section */
		B82F7F4B28C534B00031DF38 /* Bookstore */ = {
			isa = PBXNativeTarget;
			buildConfigurationList = B82F7F7628C534B10031DF38 /* Build configuration list for PBXNativeTarget "Bookstore" */;
			buildPhases = (
				B82F7F4828C534B00031DF38 /* Sources */,
				B82F7F4928C534B00031DF38 /* Frameworks */,
				B82F7F4A28C534B00031DF38 /* Resources */,
			);
			buildRules = (
			);
			dependencies = (
			);
			name = Bookstore;
			productName = Bookstore;
			productReference = B82F7F4C28C534B00031DF38 /* Bookstore.app */;
			productType = "com.apple.product-type.application";
		};
		B82F7F6128C534B10031DF38 /* BookstoreTests */ = {
			isa = PBXNativeTarget;
			buildConfigurationList = B82F7F7928C534B10031DF38 /* Build configuration list for PBXNativeTarget "BookstoreTests" */;
			buildPhases = (
				B82F7F5E28C534B10031DF38 /* Sources */,
				B82F7F5F28C534B10031DF38 /* Frameworks */,
				B82F7F6028C534B10031DF38 /* Resources */,
			);
			buildRules = (
			);
			dependencies = (
				B82F7F6428C534B10031DF38 /* PBXTargetDependency */,
			);
			name = BookstoreTests;
			productName = BookstoreTests;
			productReference = B82F7F6228C534B10031DF38 /* BookstoreTests.xctest */;
			productType = "com.apple.product-type.bundle.unit-test";
		};
		B82F7F6B28C534B10031DF38 /* BookstoreUITests */ = {
			isa = PBXNativeTarget;
			buildConfigurationList = B82F7F7C28C534B10031DF38 /* Build configuration list for PBXNativeTarget "BookstoreUITests" */;
			buildPhases = (
				B82F7F6828C534B10031DF38 /* Sources */,
				B82F7F6928C534B10031DF38 /* Frameworks */,
				B82F7F6A28C534B10031DF38 /* Resources */,
			);
			buildRules = (
			);
			dependencies = (
				B82F7F6E28C534B10031DF38 /* PBXTargetDependency */,
			);
			name = BookstoreUITests;
			productName = BookstoreUITests;
			productReference = B82F7F6C28C534B10031DF38 /* BookstoreUITests.xctest */;
			productType = "com.apple.product-type.bundle.ui-testing";
		};
/* End PBXNativeTarget section */

/* Begin PBXProject section */
		B82F7F4428C534B00031DF38 /* Project object */ = {
			isa = PBXProject;
			attributes = {
				BuildIndependentTargetsInParallel = 1;
				LastSwiftUpdateCheck = 1340;
				LastUpgradeCheck = 1340;
				TargetAttributes = {
					B82F7F4B28C534B00031DF38 = {
						CreatedOnToolsVersion = 13.4.1;
					};
					B82F7F6128C534B10031DF38 = {
						CreatedOnToolsVersion = 13.4.1;
						TestTargetID = B82F7F4B28C534B00031DF38;
					};
					B82F7F6B28C534B10031DF38 = {
						CreatedOnToolsVersion = 13.4.1;
						TestTargetID = B82F7F4B28C534B00031DF38;
					};
				};
			};
			buildConfigurationList = B82F7F4728C534B00031DF38 /* Build configuration list for PBXProject "Bookstore" */;
			compatibilityVersion = "Xcode 13.0";
			developmentRegion = en;
			hasScannedForEncodings = 0;
			knownRegions = (
				en,
				Base,
			);
			mainGroup = B82F7F4328C534B00031DF38;
			productRefGroup = B82F7F4D28C534B00031DF38 /* Products */;
			projectDirPath = "";
			projectRoot = "";
			targets = (
				B82F7F4B28C534B00031DF38 /* Bookstore */,
				B82F7F6128C534B10031DF38 /* BookstoreTests */,
				B82F7F6B28C534B10031DF38 /* BookstoreUITests */,
			);
		};
/* End PBXProject section */

/* Begin PBXResourcesBuildPhase section */
		B82F7F4A28C534B00031DF38 /* Resources */ = {
			isa = PBXResourcesBuildPhase;
			buildActionMask = 2147483647;
			files = (
				B82F7F5C28C534B10031DF38 /* LaunchScreen.storyboard in Resources */,
				B82F7F5928C534B10031DF38 /* Assets.xcassets in Resources */,
				B82F7F5728C534B00031DF38 /* Main.storyboard in Resources */,
			);
			runOnlyForDeploymentPostprocessing = 0;
		};
		B82F7F6028C534B10031DF38 /* Resources */ = {
			isa = PBXResourcesBuildPhase;
			buildActionMask = 2147483647;
			files = (
			);
			runOnlyForDeploymentPostprocessing = 0;
		};
		B82F7F6A28C534B10031DF38 /* Resources */ = {
			isa = PBXResourcesBuildPhase;
			buildActionMask = 2147483647;
			files = (
			);
			runOnlyForDeploymentPostprocessing = 0;
		};
/* End PBXResourcesBuildPhase section */

/* Begin PBXSourcesBuildPhase section */
		B82F7F4828C534B00031DF38 /* Sources */ = {
			isa = PBXSourcesBuildPhase;
			buildActionMask = 2147483647;
			files = (
				B82F7F8A28C5391D0031DF38 /* BookStore.swift in Sources */,
				B82F7F8428C5350C0031DF38 /* Book.swift in Sources */,
				B82F7F5428C534B00031DF38 /* MasterViewController.swift in Sources */,
				B82F7F8728C535B00031DF38 /* DetailViewController.swift in Sources */,
				B82F7F5028C534B00031DF38 /* AppDelegate.swift in Sources */,
				B82F7F5228C534B00031DF38 /* SceneDelegate.swift in Sources */,
			);
			runOnlyForDeploymentPostprocessing = 0;
		};
		B82F7F5E28C534B10031DF38 /* Sources */ = {
			isa = PBXSourcesBuildPhase;
			buildActionMask = 2147483647;
			files = (
				B82F7F6728C534B10031DF38 /* BookstoreTests.swift in Sources */,
			);
			runOnlyForDeploymentPostprocessing = 0;
		};
		B82F7F6828C534B10031DF38 /* Sources */ = {
			isa = PBXSourcesBuildPhase;
			buildActionMask = 2147483647;
			files = (
				B82F7F7128C534B10031DF38 /* BookstoreUITests.swift in Sources */,
				B82F7F7328C534B10031DF38 /* BookstoreUITestsLaunchTests.swift in Sources */,
			);
			runOnlyForDeploymentPostprocessing = 0;
		};
/* End PBXSourcesBuildPhase section */

/* Begin PBXTargetDependency section */
		B82F7F6428C534B10031DF38 /* PBXTargetDependency */ = {
			isa = PBXTargetDependency;
			target = B82F7F4B28C534B00031DF38 /* Bookstore */;
			targetProxy = B82F7F6328C534B10031DF38 /* PBXContainerItemProxy */;
		};
		B82F7F6E28C534B10031DF38 /* PBXTargetDependency */ = {
			isa = PBXTargetDependency;
			target = B82F7F4B28C534B00031DF38 /* Bookstore */;
			targetProxy = B82F7F6D28C534B10031DF38 /* PBXContainerItemProxy */;
		};
/* End PBXTargetDependency section */

/* Begin PBXVariantGroup section */
		B82F7F5528C534B00031DF38 /* Main.storyboard */ = {
			isa = PBXVariantGroup;
			children = (
				B82F7F5628C534B00031DF38 /* Base */,
			);
			name = Main.storyboard;
			sourceTree = "<group>";
		};
		B82F7F5A28C534B10031DF38 /* LaunchScreen.storyboard */ = {
			isa = PBXVariantGroup;
			children = (
				B82F7F5B28C534B10031DF38 /* Base */,
			);
			name = LaunchScreen.storyboard;
			sourceTree = "<group>";
		};
/* End PBXVariantGroup section */

/* Begin XCBuildConfiguration section */
		B82F7F7428C534B10031DF38 /* Debug */ = {
			isa = XCBuildConfiguration;
			buildSettings = {
				ALWAYS_SEARCH_USER_PATHS = NO;
				CLANG_ANALYZER_NONNULL = YES;
				CLANG_ANALYZER_NUMBER_OBJECT_CONVERSION = YES_AGGRESSIVE;
				CLANG_CXX_LANGUAGE_STANDARD = "gnu++17";
				CLANG_ENABLE_MODULES = YES;
				CLANG_ENABLE_OBJC_ARC = YES;
				CLANG_ENABLE_OBJC_WEAK = YES;
				CLANG_WARN_BLOCK_CAPTURE_AUTORELEASING = YES;
				CLANG_WARN_BOOL_CONVERSION = YES;
				CLANG_WARN_COMMA = YES;
				CLANG_WARN_CONSTANT_CONVERSION = YES;
				CLANG_WARN_DEPRECATED_OBJC_IMPLEMENTATIONS = YES;
				CLANG_WARN_DIRECT_OBJC_ISA_USAGE = YES_ERROR;
				CLANG_WARN_DOCUMENTATION_COMMENTS = YES;
				CLANG_WARN_EMPTY_BODY = YES;
				CLANG_WARN_ENUM_CONVERSION = YES;
				CLANG_WARN_INFINITE_RECURSION = YES;
				CLANG_WARN_INT_CONVERSION = YES;
				CLANG_WARN_NON_LITERAL_NULL_CONVERSION = YES;
				CLANG_WARN_OBJC_IMPLICIT_RETAIN_SELF = YES;
				CLANG_WARN_OBJC_LITERAL_CONVERSION = YES;
				CLANG_WARN_OBJC_ROOT_CLASS = YES_ERROR;
				CLANG_WARN_QUOTED_INCLUDE_IN_FRAMEWORK_HEADER = YES;
				CLANG_WARN_RANGE_LOOP_ANALYSIS = YES;
				CLANG_WARN_STRICT_PROTOTYPES = YES;
				CLANG_WARN_SUSPICIOUS_MOVE = YES;
				CLANG_WARN_UNGUARDED_AVAILABILITY = YES_AGGRESSIVE;
				CLANG_WARN_UNREACHABLE_CODE = YES;
				CLANG_WARN__DUPLICATE_METHOD_MATCH = YES;
				COPY_PHASE_STRIP = NO;
				DEBUG_INFORMATION_FORMAT = dwarf;
				ENABLE_STRICT_OBJC_MSGSEND = YES;
				ENABLE_TESTABILITY = YES;
				GCC_C_LANGUAGE_STANDARD = gnu11;
				GCC_DYNAMIC_NO_PIC = NO;
				GCC_NO_COMMON_BLOCKS = YES;
				GCC_OPTIMIZATION_LEVEL = 0;
				GCC_PREPROCESSOR_DEFINITIONS = (
					"DEBUG=1",
					"$(inherited)",
				);
				GCC_WARN_64_TO_32_BIT_CONVERSION = YES;
				GCC_WARN_ABOUT_RETURN_TYPE = YES_ERROR;
				GCC_WARN_UNDECLARED_SELECTOR = YES;
				GCC_WARN_UNINITIALIZED_AUTOS = YES_AGGRESSIVE;
				GCC_WARN_UNUSED_FUNCTION = YES;
				GCC_WARN_UNUSED_VARIABLE = YES;
				IPHONEOS_DEPLOYMENT_TARGET = 15.5;
				MTL_ENABLE_DEBUG_INFO = INCLUDE_SOURCE;
				MTL_FAST_MATH = YES;
				ONLY_ACTIVE_ARCH = YES;
				SDKROOT = iphoneos;
				SWIFT_ACTIVE_COMPILATION_CONDITIONS = DEBUG;
				SWIFT_OPTIMIZATION_LEVEL = "-Onone";
			};
			name = Debug;
		};
		B82F7F7528C534B10031DF38 /* Release */ = {
			isa = XCBuildConfiguration;
			buildSettings = {
				ALWAYS_SEARCH_USER_PATHS = NO;
				CLANG_ANALYZER_NONNULL = YES;
				CLANG_ANALYZER_NUMBER_OBJECT_CONVERSION = YES_AGGRESSIVE;
				CLANG_CXX_LANGUAGE_STANDARD = "gnu++17";
				CLANG_ENABLE_MODULES = YES;
				CLANG_ENABLE_OBJC_ARC = YES;
				CLANG_ENABLE_OBJC_WEAK = YES;
				CLANG_WARN_BLOCK_CAPTURE_AUTORELEASING = YES;
				CLANG_WARN_BOOL_CONVERSION = YES;
				CLANG_WARN_COMMA = YES;
				CLANG_WARN_CONSTANT_CONVERSION = YES;
				CLANG_WARN_DEPRECATED_OBJC_IMPLEMENTATIONS = YES;
				CLANG_WARN_DIRECT_OBJC_ISA_USAGE = YES_ERROR;
				CLANG_WARN_DOCUMENTATION_COMMENTS = YES;
				CLANG_WARN_EMPTY_BODY = YES;
				CLANG_WARN_ENUM_CONVERSION = YES;
				CLANG_WARN_INFINITE_RECURSION = YES;
				CLANG_WARN_INT_CONVERSION = YES;
				CLANG_WARN_NON_LITERAL_NULL_CONVERSION = YES;
				CLANG_WARN_OBJC_IMPLICIT_RETAIN_SELF = YES;
				CLANG_WARN_OBJC_LITERAL_CONVERSION = YES;
				CLANG_WARN_OBJC_ROOT_CLASS = YES_ERROR;
				CLANG_WARN_QUOTED_INCLUDE_IN_FRAMEWORK_HEADER = YES;
				CLANG_WARN_RANGE_LOOP_ANALYSIS = YES;
				CLANG_WARN_STRICT_PROTOTYPES = YES;
				CLANG_WARN_SUSPICIOUS_MOVE = YES;
				CLANG_WARN_UNGUARDED_AVAILABILITY = YES_AGGRESSIVE;
				CLANG_WARN_UNREACHABLE_CODE = YES;
				CLANG_WARN__DUPLICATE_METHOD_MATCH = YES;
				COPY_PHASE_STRIP = NO;
				DEBUG_INFORMATION_FORMAT = "dwarf-with-dsym";
				ENABLE_NS_ASSERTIONS = NO;
				ENABLE_STRICT_OBJC_MSGSEND = YES;
				GCC_C_LANGUAGE_STANDARD = gnu11;
				GCC_NO_COMMON_BLOCKS = YES;
				GCC_WARN_64_TO_32_BIT_CONVERSION = YES;
				GCC_WARN_ABOUT_RETURN_TYPE = YES_ERROR;
				GCC_WARN_UNDECLARED_SELECTOR = YES;
				GCC_WARN_UNINITIALIZED_AUTOS = YES_AGGRESSIVE;
				GCC_WARN_UNUSED_FUNCTION = YES;
				GCC_WARN_UNUSED_VARIABLE = YES;
				IPHONEOS_DEPLOYMENT_TARGET = 15.5;
				MTL_ENABLE_DEBUG_INFO = NO;
				MTL_FAST_MATH = YES;
				SDKROOT = iphoneos;
				SWIFT_COMPILATION_MODE = wholemodule;
				SWIFT_OPTIMIZATION_LEVEL = "-O";
				VALIDATE_PRODUCT = YES;
			};
			name = Release;
		};
		B82F7F7728C534B10031DF38 /* Debug */ = {
			isa = XCBuildConfiguration;
			buildSettings = {
				ASSETCATALOG_COMPILER_APPICON_NAME = AppIcon;
				ASSETCATALOG_COMPILER_GLOBAL_ACCENT_COLOR_NAME = AccentColor;
				CODE_SIGN_STYLE = Automatic;
				CURRENT_PROJECT_VERSION = 1;
				GENERATE_INFOPLIST_FILE = YES;
				INFOPLIST_FILE = Bookstore/Info.plist;
				INFOPLIST_KEY_UIApplicationSupportsIndirectInputEvents = YES;
				INFOPLIST_KEY_UILaunchStoryboardName = LaunchScreen;
				INFOPLIST_KEY_UIMainStoryboardFile = Main;
				INFOPLIST_KEY_UISupportedInterfaceOrientations_iPad = "UIInterfaceOrientationPortrait UIInterfaceOrientationPortraitUpsideDown UIInterfaceOrientationLandscapeLeft UIInterfaceOrientationLandscapeRight";
				INFOPLIST_KEY_UISupportedInterfaceOrientations_iPhone = "UIInterfaceOrientationPortrait UIInterfaceOrientationLandscapeLeft UIInterfaceOrientationLandscapeRight";
				LD_RUNPATH_SEARCH_PATHS = (
					"$(inherited)",
					"@executable_path/Frameworks",
				);
				MARKETING_VERSION = 1.0;
				PRODUCT_BUNDLE_IDENTIFIER = tecmonterrey.Bookstore;
				PRODUCT_NAME = "$(TARGET_NAME)";
				SWIFT_EMIT_LOC_STRINGS = YES;
				SWIFT_VERSION = 5.0;
				TARGETED_DEVICE_FAMILY = "1,2";
			};
			name = Debug;
		};
		B82F7F7828C534B10031DF38 /* Release */ = {
			isa = XCBuildConfiguration;
			buildSettings = {
				ASSETCATALOG_COMPILER_APPICON_NAME = AppIcon;
				ASSETCATALOG_COMPILER_GLOBAL_ACCENT_COLOR_NAME = AccentColor;
				CODE_SIGN_STYLE = Automatic;
				CURRENT_PROJECT_VERSION = 1;
				GENERATE_INFOPLIST_FILE = YES;
				INFOPLIST_FILE = Bookstore/Info.plist;
				INFOPLIST_KEY_UIApplicationSupportsIndirectInputEvents = YES;
				INFOPLIST_KEY_UILaunchStoryboardName = LaunchScreen;
				INFOPLIST_KEY_UIMainStoryboardFile = Main;
				INFOPLIST_KEY_UISupportedInterfaceOrientations_iPad = "UIInterfaceOrientationPortrait UIInterfaceOrientationPortraitUpsideDown UIInterfaceOrientationLandscapeLeft UIInterfaceOrientationLandscapeRight";
				INFOPLIST_KEY_UISupportedInterfaceOrientations_iPhone = "UIInterfaceOrientationPortrait UIInterfaceOrientationLandscapeLeft UIInterfaceOrientationLandscapeRight";
				LD_RUNPATH_SEARCH_PATHS = (
					"$(inherited)",
					"@executable_path/Frameworks",
				);
				MARKETING_VERSION = 1.0;
				PRODUCT_BUNDLE_IDENTIFIER = tecmonterrey.Bookstore;
				PRODUCT_NAME = "$(TARGET_NAME)";
				SWIFT_EMIT_LOC_STRINGS = YES;
				SWIFT_VERSION = 5.0;
				TARGETED_DEVICE_FAMILY = "1,2";
			};
			name = Release;
		};
		B82F7F7A28C534B10031DF38 /* Debug */ = {
			isa = XCBuildConfiguration;
			buildSettings = {
				ALWAYS_EMBED_SWIFT_STANDARD_LIBRARIES = YES;
				BUNDLE_LOADER = "$(TEST_HOST)";
				CODE_SIGN_STYLE = Automatic;
				CURRENT_PROJECT_VERSION = 1;
				GENERATE_INFOPLIST_FILE = YES;
				IPHONEOS_DEPLOYMENT_TARGET = 15.5;
				MARKETING_VERSION = 1.0;
				PRODUCT_BUNDLE_IDENTIFIER = tecmonterrey.BookstoreTests;
				PRODUCT_NAME = "$(TARGET_NAME)";
				SWIFT_EMIT_LOC_STRINGS = NO;
				SWIFT_VERSION = 5.0;
				TARGETED_DEVICE_FAMILY = "1,2";
				TEST_HOST = "$(BUILT_PRODUCTS_DIR)/Bookstore.app/Bookstore";
			};
			name = Debug;
		};
		B82F7F7B28C534B10031DF38 /* Release */ = {
			isa = XCBuildConfiguration;
			buildSettings = {
				ALWAYS_EMBED_SWIFT_STANDARD_LIBRARIES = YES;
				BUNDLE_LOADER = "$(TEST_HOST)";
				CODE_SIGN_STYLE = Automatic;
				CURRENT_PROJECT_VERSION = 1;
				GENERATE_INFOPLIST_FILE = YES;
				IPHONEOS_DEPLOYMENT_TARGET = 15.5;
				MARKETING_VERSION = 1.0;
				PRODUCT_BUNDLE_IDENTIFIER = tecmonterrey.BookstoreTests;
				PRODUCT_NAME = "$(TARGET_NAME)";
				SWIFT_EMIT_LOC_STRINGS = NO;
				SWIFT_VERSION = 5.0;
				TARGETED_DEVICE_FAMILY = "1,2";
				TEST_HOST = "$(BUILT_PRODUCTS_DIR)/Bookstore.app/Bookstore";
			};
			name = Release;
		};
		B82F7F7D28C534B10031DF38 /* Debug */ = {
			isa = XCBuildConfiguration;
			buildSettings = {
				ALWAYS_EMBED_SWIFT_STANDARD_LIBRARIES = YES;
				CODE_SIGN_STYLE = Automatic;
				CURRENT_PROJECT_VERSION = 1;
				GENERATE_INFOPLIST_FILE = YES;
				MARKETING_VERSION = 1.0;
				PRODUCT_BUNDLE_IDENTIFIER = tecmonterrey.BookstoreUITests;
				PRODUCT_NAME = "$(TARGET_NAME)";
				SWIFT_EMIT_LOC_STRINGS = NO;
				SWIFT_VERSION = 5.0;
				TARGETED_DEVICE_FAMILY = "1,2";
				TEST_TARGET_NAME = Bookstore;
			};
			name = Debug;
		};
		B82F7F7E28C534B10031DF38 /* Release */ = {
			isa = XCBuildConfiguration;
			buildSettings = {
				ALWAYS_EMBED_SWIFT_STANDARD_LIBRARIES = YES;
				CODE_SIGN_STYLE = Automatic;
				CURRENT_PROJECT_VERSION = 1;
				GENERATE_INFOPLIST_FILE = YES;
				MARKETING_VERSION = 1.0;
				PRODUCT_BUNDLE_IDENTIFIER = tecmonterrey.BookstoreUITests;
				PRODUCT_NAME = "$(TARGET_NAME)";
				SWIFT_EMIT_LOC_STRINGS = NO;
				SWIFT_VERSION = 5.0;
				TARGETED_DEVICE_FAMILY = "1,2";
				TEST_TARGET_NAME = Bookstore;
			};
			name = Release;
		};
/* End XCBuildConfiguration section */

/* Begin XCConfigurationList section */
		B82F7F4728C534B00031DF38 /* Build configuration list for PBXProject "Bookstore" */ = {
			isa = XCConfigurationList;
			buildConfigurations = (
				B82F7F7428C534B10031DF38 /* Debug */,
				B82F7F7528C534B10031DF38 /* Release */,
			);
			defaultConfigurationIsVisible = 0;
			defaultConfigurationName = Release;
		};
		B82F7F7628C534B10031DF38 /* Build configuration list for PBXNativeTarget "Bookstore" */ = {
			isa = XCConfigurationList;
			buildConfigurations = (
				B82F7F7728C534B10031DF38 /* Debug */,
				B82F7F7828C534B10031DF38 /* Release */,
			);
			defaultConfigurationIsVisible = 0;
			defaultConfigurationName = Release;
		};
		B82F7F7928C534B10031DF38 /* Build configuration list for PBXNativeTarget "BookstoreTests" */ = {
			isa = XCConfigurationList;
			buildConfigurations = (
				B82F7F7A28C534B10031DF38 /* Debug */,
				B82F7F7B28C534B10031DF38 /* Release */,
			);
			defaultConfigurationIsVisible = 0;
			defaultConfigurationName = Release;
		};
		B82F7F7C28C534B10031DF38 /* Build configuration list for PBXNativeTarget "BookstoreUITests" */ = {
			isa = XCConfigurationList;
			buildConfigurations = (
				B82F7F7D28C534B10031DF38 /* Debug */,
				B82F7F7E28C534B10031DF38 /* Release */,
			);
			defaultConfigurationIsVisible = 0;
			defaultConfigurationName = Release;
		};
/* End XCConfigurationList section */
	};
	rootObject = B82F7F4428C534B00031DF38 /* Project object */;
}
